
Microsoft Visual Studio Solution File, Format Version 12.00
# Visual Studio Version 16
VisualStudioVersion = 16.0.31321.278
MinimumVisualStudioVersion = 10.0.40219.1
Project("{FAE04EC0-301F-11D3-BF4B-00C04F79EFBC}") = "ClothingML", "ClothingML\ClothingML.csproj", "{A591FC91-6BDD-4897-916B-02108BB9CCD3}"
EndProject
Global
	GlobalSection(SolutionConfigurationPlatforms) = preSolution
		Debug|Any CPU = Debug|Any CPU
		Release|Any CPU = Release|Any CPU
	EndGlobalSection
	GlobalSection(ProjectConfigurationPlatforms) = postSolution
		{A591FC91-6BDD-4897-916B-02108BB9CCD3}.Debug|Any CPU.ActiveCfg = Debug|Any CPU
		{A591FC91-6BDD-4897-916B-02108BB9CCD3}.Debug|Any CPU.Build.0 = Debug|Any CPU
		{A591FC91-6BDD-4897-916B-02108BB9CCD3}.Release|Any CPU.ActiveCfg = Release|Any CPU
		{A591FC91-6BDD-4897-916B-02108BB9CCD3}.Release|Any CPU.Build.0 = Release|Any CPU
	EndGlobalSection
	GlobalSection(SolutionProperties) = preSolution
		HideSolutionNode = FALSE
	EndGlobalSection
	GlobalSection(ExtensibilityGlobals) = postSolution
		SolutionGuid = {DFB22709-0A2F-4399-9EA3-4D74F59F6B49}
	EndGlobalSection
EndGlobal
